
Microsoft Visual Studio Solution File, Format Version 12.00
# Visual Studio 15
VisualStudioVersion = 15.0.28307.421
MinimumVisualStudioVersion = 10.0.40219.1
Project("{FAE04EC0-301F-11D3-BF4B-00C04F79EFBC}") = "APIDemo", "APIDemo\APIDemo.csproj", "{2AE4EB12-522E-4D2A-8E3B-A5BA61ABDB82}"
EndProject
Global
	GlobalSection(SolutionConfigurationPlatforms) = preSolution
		Debug|Any CPU = Debug|Any CPU
		Release|Any CPU = Release|Any CPU
	EndGlobalSection
	GlobalSection(ProjectConfigurationPlatforms) = postSolution
		{2AE4EB12-522E-4D2A-8E3B-A5BA61ABDB82}.Debug|Any CPU.ActiveCfg = Debug|Any CPU
		{2AE4EB12-522E-4D2A-8E3B-A5BA61ABDB82}.Debug|Any CPU.Build.0 = Debug|Any CPU
		{2AE4EB12-522E-4D2A-8E3B-A5BA61ABDB82}.Release|Any CPU.ActiveCfg = Release|Any CPU
		{2AE4EB12-522E-4D2A-8E3B-A5BA61ABDB82}.Release|Any CPU.Build.0 = Release|Any CPU
	EndGlobalSection
	GlobalSection(SolutionProperties) = preSolution
		HideSolutionNode = FALSE
	EndGlobalSection
	GlobalSection(ExtensibilityGlobals) = postSolution
		SolutionGuid = {EB96C6A4-E789-4EC1-B158-F0CA5FAF8989}
	EndGlobalSection
EndGlobal
